
Microsoft Visual Studio Solution File, Format Version 12.00
# Visual Studio 15
VisualStudioVersion = 15.0.28010.2036
MinimumVisualStudioVersion = 10.0.40219.1
Project("{FAE04EC0-301F-11D3-BF4B-00C04F79EFBC}") = "ZRBGrzyb", "ZRBGrzyb\ZRBGrzyb.csproj", "{F63567FB-E5AC-4969-B577-BB5CBDF9456D}"
EndProject
Global
	GlobalSection(SolutionConfigurationPlatforms) = preSolution
		Debug|Any CPU = Debug|Any CPU
		Release|Any CPU = Release|Any CPU
	EndGlobalSection
	GlobalSection(ProjectConfigurationPlatforms) = postSolution
		{F63567FB-E5AC-4969-B577-BB5CBDF9456D}.Debug|Any CPU.ActiveCfg = Debug|Any CPU
		{F63567FB-E5AC-4969-B577-BB5CBDF9456D}.Debug|Any CPU.Build.0 = Debug|Any CPU
		{F63567FB-E5AC-4969-B577-BB5CBDF9456D}.Release|Any CPU.ActiveCfg = Release|Any CPU
		{F63567FB-E5AC-4969-B577-BB5CBDF9456D}.Release|Any CPU.Build.0 = Release|Any CPU
	EndGlobalSection
	GlobalSection(SolutionProperties) = preSolution
		HideSolutionNode = FALSE
	EndGlobalSection
	GlobalSection(ExtensibilityGlobals) = postSolution
		SolutionGuid = {A37F9680-438D-4C7C-AFBF-F7D40370A3AC}
	EndGlobalSection
EndGlobal
